
Microsoft Visual Studio Solution File, Format Version 12.00
# Visual Studio Version 17
VisualStudioVersion = 17.3.32811.315
MinimumVisualStudioVersion = 10.0.40219.1
Project("{FAE04EC0-301F-11D3-BF4B-00C04F79EFBC}") = "Question 3", "Question 3.csproj", "{1E7D8805-15FD-465E-9B6A-547F8E67DC55}"
EndProject
Global
	GlobalSection(SolutionConfigurationPlatforms) = preSolution
		Debug|Any CPU = Debug|Any CPU
		Release|Any CPU = Release|Any CPU
	EndGlobalSection
	GlobalSection(ProjectConfigurationPlatforms) = postSolution
		{1E7D8805-15FD-465E-9B6A-547F8E67DC55}.Debug|Any CPU.ActiveCfg = Debug|Any CPU
		{1E7D8805-15FD-465E-9B6A-547F8E67DC55}.Debug|Any CPU.Build.0 = Debug|Any CPU
		{1E7D8805-15FD-465E-9B6A-547F8E67DC55}.Release|Any CPU.ActiveCfg = Release|Any CPU
		{1E7D8805-15FD-465E-9B6A-547F8E67DC55}.Release|Any CPU.Build.0 = Release|Any CPU
	EndGlobalSection
	GlobalSection(SolutionProperties) = preSolution
		HideSolutionNode = FALSE
	EndGlobalSection
	GlobalSection(ExtensibilityGlobals) = postSolution
		SolutionGuid = {DE0A8009-128A-4F26-B14E-72AA72348ABA}
	EndGlobalSection
EndGlobal
